github.com/gematik/zero-lab/go/brainpool v1.0.1 h1:6f4SGW4t7YsbUHn+kT2zwat6MHh4y00VF7EyfFjgLek=
github.com/gematik/zero-lab/go/brainpool v1.0.1/go.mod h1:TGiI/RSzM76LwiWZRMzc9t1yDfN6D4uOaeYCd8N5rCs=
github.com/sirosfoundation/go-cryptoutil v0.6.0 h1:NmmHCZ/3ETuHlC1X4+0ce5QB6XI+IIKv2g4pymFQIr8=
github.com/sirosfoundation/go-cryptoutil v0.6.0/go.mod h1:6JWcg/wLtALH2x6Hofa6VYX4b6XKiMNfXAVjp4yv9CA=
golang.org/x/crypto v0.53.0 h1:QZ4Muo8THX6CizN2vPPd5fBGHyogrdK9fG4wLPFUsto=
golang.org/x/crypto v0.53.0/go.mod h1:DNLU434OwVakk9PzuwV8w62mAJpRJL3vsgcfp4Qnsio=
